
Microsoft Visual Studio Solution File, Format Version 12.00
# Visual Studio Version 17
VisualStudioVersion = 17.4.33213.308
MinimumVisualStudioVersion = 10.0.40219.1
Project("{FAE04EC0-301F-11D3-BF4B-00C04F79EFBC}") = "TechLibrary.Api", "TechLibrary.Api\TechLibrary.Api.csproj", "{26CD0E3B-BEAF-4CEE-A80D-16833452D267}"
EndProject
Project("{FAE04EC0-301F-11D3-BF4B-00C04F79EFBC}") = "TechLibrary.Infrastructure", "TechLibrary.Infrastructure\TechLibrary.Infrastructure.csproj", "{68B3A308-0093-48F6-AE3D-454B486A3ADD}"
EndProject
Project("{FAE04EC0-301F-11D3-BF4B-00C04F79EFBC}") = "TechLibrary.Domain", "TechLibrary.Domain\TechLibrary.Domain.csproj", "{7C6EEBBC-B213-45FE-A01F-9A9544D11A48}"
EndProject
Project("{FAE04EC0-301F-11D3-BF4B-00C04F79EFBC}") = "TechLibrary.Application", "TechLibrary.Application\TechLibrary.Application.csproj", "{D40E71FF-1C9B-4C0C-9502-3E85DC76D1C7}"
EndProject
Global
	GlobalSection(SolutionConfigurationPlatforms) = preSolution
		Debug|Any CPU = Debug|Any CPU
		Release|Any CPU = Release|Any CPU
	EndGlobalSection
	GlobalSection(ProjectConfigurationPlatforms) = postSolution
		{26CD0E3B-BEAF-4CEE-A80D-16833452D267}.Debug|Any CPU.ActiveCfg = Debug|Any CPU
		{26CD0E3B-BEAF-4CEE-A80D-16833452D267}.Debug|Any CPU.Build.0 = Debug|Any CPU
		{26CD0E3B-BEAF-4CEE-A80D-16833452D267}.Release|Any CPU.ActiveCfg = Release|Any CPU
		{26CD0E3B-BEAF-4CEE-A80D-16833452D267}.Release|Any CPU.Build.0 = Release|Any CPU
		{68B3A308-0093-48F6-AE3D-454B486A3ADD}.Debug|Any CPU.ActiveCfg = Debug|Any CPU
		{68B3A308-0093-48F6-AE3D-454B486A3ADD}.Debug|Any CPU.Build.0 = Debug|Any CPU
		{68B3A308-0093-48F6-AE3D-454B486A3ADD}.Release|Any CPU.ActiveCfg = Release|Any CPU
		{68B3A308-0093-48F6-AE3D-454B486A3ADD}.Release|Any CPU.Build.0 = Release|Any CPU
		{7C6EEBBC-B213-45FE-A01F-9A9544D11A48}.Debug|Any CPU.ActiveCfg = Debug|Any CPU
		{7C6EEBBC-B213-45FE-A01F-9A9544D11A48}.Debug|Any CPU.Build.0 = Debug|Any CPU
		{7C6EEBBC-B213-45FE-A01F-9A9544D11A48}.Release|Any CPU.ActiveCfg = Release|Any CPU
		{7C6EEBBC-B213-45FE-A01F-9A9544D11A48}.Release|Any CPU.Build.0 = Release|Any CPU
		{D40E71FF-1C9B-4C0C-9502-3E85DC76D1C7}.Debug|Any CPU.ActiveCfg = Debug|Any CPU
		{D40E71FF-1C9B-4C0C-9502-3E85DC76D1C7}.Debug|Any CPU.Build.0 = Debug|Any CPU
		{D40E71FF-1C9B-4C0C-9502-3E85DC76D1C7}.Release|Any CPU.ActiveCfg = Release|Any CPU
		{D40E71FF-1C9B-4C0C-9502-3E85DC76D1C7}.Release|Any CPU.Build.0 = Release|Any CPU
	EndGlobalSection
	GlobalSection(SolutionProperties) = preSolution
		HideSolutionNode = FALSE
	EndGlobalSection
	GlobalSection(ExtensibilityGlobals) = postSolution
		SolutionGuid = {70A7BD59-7859-4AC8-9EB2-B5F390EEB8C9}
	EndGlobalSection
EndGlobal
